
Microsoft Visual Studio Solution File, Format Version 12.00
Project("{FAE04EC0-301F-11D3-BF4B-00C04F79EFBC}") = "WriteTestableCode", "WriteTestableCode\WriteTestableCode.csproj", "{B3F7A133-5D50-454C-8B77-8C05BB63C04D}"
EndProject
Global
	GlobalSection(SolutionConfigurationPlatforms) = preSolution
		Debug|Any CPU = Debug|Any CPU
		Release|Any CPU = Release|Any CPU
	EndGlobalSection
	GlobalSection(ProjectConfigurationPlatforms) = postSolution
		{B3F7A133-5D50-454C-8B77-8C05BB63C04D}.Debug|Any CPU.ActiveCfg = Debug|Any CPU
		{B3F7A133-5D50-454C-8B77-8C05BB63C04D}.Debug|Any CPU.Build.0 = Debug|Any CPU
		{B3F7A133-5D50-454C-8B77-8C05BB63C04D}.Release|Any CPU.ActiveCfg = Release|Any CPU
		{B3F7A133-5D50-454C-8B77-8C05BB63C04D}.Release|Any CPU.Build.0 = Release|Any CPU
	EndGlobalSection
EndGlobal
